
Microsoft Visual Studio Solution File, Format Version 12.00
# Visual Studio 2013
VisualStudioVersion = 12.0.40629.0
MinimumVisualStudioVersion = 10.0.40219.1
Project("{F184B08F-C81C-45F6-A57F-5ABD9991F28F}") = "Basics", "Basics\Basics.vbproj", "{11264654-6ED1-4E3B-9CC6-9FF44250A27F}"
EndProject
Project("{F184B08F-C81C-45F6-A57F-5ABD9991F28F}") = "Basics.Test", "Basics.Test\Basics.Test.vbproj", "{756754B8-D5B9-4123-8B9D-2C37AF2D43F2}"
EndProject
Project("{F184B08F-C81C-45F6-A57F-5ABD9991F28F}") = "VB.WinForm.Intro", "VB.WinForm.Intro\VB.WinForm.Intro.vbproj", "{546FD03B-D3FA-45E1-BEE9-BC439E720678}"
EndProject
Project("{F184B08F-C81C-45F6-A57F-5ABD9991F28F}") = "VB.Winform.Template", "VB.Winform.Template\VB.Winform.Template.vbproj", "{9F1349B4-0BDA-4E6B-8822-F835E1B84426}"
EndProject
Project("{F184B08F-C81C-45F6-A57F-5ABD9991F28F}") = "mko.VB.Db", "mko.VB.Db\mko.VB.Db.vbproj", "{3C583772-41DA-4F7B-85A5-04E999A303DF}"
EndProject
Project("{F184B08F-C81C-45F6-A57F-5ABD9991F28F}") = "mkoAlgorithm", "mkoAlgorithm\mkoAlgorithm.vbproj", "{F01CC5DE-FAD1-4EB4-A72B-36AB4F31F363}"
EndProject
Project("{F184B08F-C81C-45F6-A57F-5ABD9991F28F}") = "mkoAlgorithm.Test", "mkoAlgorithm.Test\mkoAlgorithm.Test.vbproj", "{8D933CC4-4E9C-40E0-AE43-90F165112229}"
EndProject
Project("{F184B08F-C81C-45F6-A57F-5ABD9991F28F}") = "VB.DB.EntityFramework", "VB.DB.EntityFramework\VB.DB.EntityFramework.vbproj", "{E1E76DCF-3792-42A1-BA73-86ABFEEB8E0E}"
EndProject
Project("{F184B08F-C81C-45F6-A57F-5ABD9991F28F}") = "VB.DB.WinFormClient", "VB.DB.WinFormClient\VB.DB.WinFormClient.vbproj", "{25AB1A73-4395-4843-80BD-B5E13579ADB1}"
EndProject
Project("{F184B08F-C81C-45F6-A57F-5ABD9991F28F}") = "VB.WinForm.Formularvererbung", "VB.WinForm.Formularvererbung\VB.WinForm.Formularvererbung.vbproj", "{2F0C4C4D-8E93-4945-9A76-FB2CB21DEC0D}"
EndProject
Project("{F184B08F-C81C-45F6-A57F-5ABD9991F28F}") = "VB.Threads.AsyncWithDelegates", "VB.Threads.AsyncWithDelegates\VB.Threads.AsyncWithDelegates.vbproj", "{BAE7A3F7-982E-4A5D-BDC0-764B3DBBC6AC}"
EndProject
Project("{F184B08F-C81C-45F6-A57F-5ABD9991F28F}") = "VB.Threads.NET45.AsyncAwait", "VB.Threads.NET45.AsyncAwait\VB.Threads.NET45.AsyncAwait.vbproj", "{4D1FFF60-7487-4C90-8E3B-D0EE1CA03707}"
EndProject
Project("{F184B08F-C81C-45F6-A57F-5ABD9991F28F}") = "VB.Threads.Tasks", "VB.Threads.Tasks\VB.Threads.Tasks.vbproj", "{02FB229C-FB5B-4F4A-8746-84A3D2B57D0A}"
EndProject
Project("{F184B08F-C81C-45F6-A57F-5ABD9991F28F}") = "VB.OO.Klassenlib", "VB.OO.Klassenlib\VB.OO.Klassenlib.vbproj", "{9E55D93E-809C-4F95-A85C-7D29BD06499C}"
EndProject
Project("{F184B08F-C81C-45F6-A57F-5ABD9991F28F}") = "VB.OO.Klassenlib.Test", "VB.OO.Klassenlib.Test\VB.OO.Klassenlib.Test.vbproj", "{2429DEA2-C96F-4866-BD0F-1731B19750A1}"
EndProject
Project("{F184B08F-C81C-45F6-A57F-5ABD9991F28F}") = "VB.WinForm.AppSettings", "VB.WinForm.AppSettings\VB.WinForm.AppSettings.vbproj", "{DEEAB063-1F2F-4AFB-979C-5628C0B2B36D}"
EndProject
Project("{F184B08F-C81C-45F6-A57F-5ABD9991F28F}") = "AMF.WinFom_mit_Methodenstart_im_Hintergrund", "AMF.WinFom_mit_Methodenstart_im_Hintergrund\AMF.WinFom_mit_Methodenstart_im_Hintergrund.vbproj", "{9FCB8CFD-265F-471B-9C20-90602AB5D17E}"
EndProject
Project("{F184B08F-C81C-45F6-A57F-5ABD9991F28F}") = "VB.Access", "VB.Access\VB.Access.vbproj", "{63C52580-FFAA-48BD-88B4-69C3302F1B05}"
EndProject
Project("{F184B08F-C81C-45F6-A57F-5ABD9991F28F}") = "Linq_Database", "Linq_Database\Linq_Database.vbproj", "{7EFB7657-005F-42E3-9F13-833795B6EE24}"
EndProject
Project("{F184B08F-C81C-45F6-A57F-5ABD9991F28F}") = "Linq_Database.Test", "Linq_Database.Test\Linq_Database.Test.vbproj", "{ADA4B3ED-D169-4C7E-A368-63EBCC2F0908}"
EndProject
Global
	GlobalSection(SolutionConfigurationPlatforms) = preSolution
		Debug|Any CPU = Debug|Any CPU
		Debug|Mixed Platforms = Debug|Mixed Platforms
		Debug|x86 = Debug|x86
		Individual|Any CPU = Individual|Any CPU
		Individual|Mixed Platforms = Individual|Mixed Platforms
		Individual|x86 = Individual|x86
		Realease_mit_Trace|Any CPU = Realease_mit_Trace|Any CPU
		Realease_mit_Trace|Mixed Platforms = Realease_mit_Trace|Mixed Platforms
		Realease_mit_Trace|x86 = Realease_mit_Trace|x86
		Release_ohne_Trace|Any CPU = Release_ohne_Trace|Any CPU
		Release_ohne_Trace|Mixed Platforms = Release_ohne_Trace|Mixed Platforms
		Release_ohne_Trace|x86 = Release_ohne_Trace|x86
		Release|Any CPU = Release|Any CPU
		Release|Mixed Platforms = Release|Mixed Platforms
		Release|x86 = Release|x86
	EndGlobalSection
	GlobalSection(ProjectConfigurationPlatforms) = postSolution
		{11264654-6ED1-4E3B-9CC6-9FF44250A27F}.Debug|Any CPU.ActiveCfg = Debug|Any CPU
		{11264654-6ED1-4E3B-9CC6-9FF44250A27F}.Debug|Any CPU.Build.0 = Debug|Any CPU
		{11264654-6ED1-4E3B-9CC6-9FF44250A27F}.Debug|Mixed Platforms.ActiveCfg = Debug|Any CPU
		{11264654-6ED1-4E3B-9CC6-9FF44250A27F}.Debug|Mixed Platforms.Build.0 = Debug|Any CPU
		{11264654-6ED1-4E3B-9CC6-9FF44250A27F}.Debug|x86.ActiveCfg = Debug|Any CPU
		{11264654-6ED1-4E3B-9CC6-9FF44250A27F}.Individual|Any CPU.ActiveCfg = Individual|Any CPU
		{11264654-6ED1-4E3B-9CC6-9FF44250A27F}.Individual|Any CPU.Build.0 = Individual|Any CPU
		{11264654-6ED1-4E3B-9CC6-9FF44250A27F}.Individual|Mixed Platforms.ActiveCfg = Individual|Any CPU
		{11264654-6ED1-4E3B-9CC6-9FF44250A27F}.Individual|Mixed Platforms.Build.0 = Individual|Any CPU
		{11264654-6ED1-4E3B-9CC6-9FF44250A27F}.Individual|x86.ActiveCfg = Individual|Any CPU
		{11264654-6ED1-4E3B-9CC6-9FF44250A27F}.Realease_mit_Trace|Any CPU.ActiveCfg = Release_ohne_Trace|Any CPU
		{11264654-6ED1-4E3B-9CC6-9FF44250A27F}.Realease_mit_Trace|Any CPU.Build.0 = Release_ohne_Trace|Any CPU
		{11264654-6ED1-4E3B-9CC6-9FF44250A27F}.Realease_mit_Trace|Mixed Platforms.ActiveCfg = Release_ohne_Trace|Any CPU
		{11264654-6ED1-4E3B-9CC6-9FF44250A27F}.Realease_mit_Trace|Mixed Platforms.Build.0 = Release_ohne_Trace|Any CPU
		{11264654-6ED1-4E3B-9CC6-9FF44250A27F}.Realease_mit_Trace|x86.ActiveCfg = Release_ohne_Trace|Any CPU
		{11264654-6ED1-4E3B-9CC6-9FF44250A27F}.Release_ohne_Trace|Any CPU.ActiveCfg = Release_ohne_Trace|Any CPU
		{11264654-6ED1-4E3B-9CC6-9FF44250A27F}.Release_ohne_Trace|Any CPU.Build.0 = Release_ohne_Trace|Any CPU
		{11264654-6ED1-4E3B-9CC6-9FF44250A27F}.Release_ohne_Trace|Mixed Platforms.ActiveCfg = Release_ohne_Trace|Any CPU
		{11264654-6ED1-4E3B-9CC6-9FF44250A27F}.Release_ohne_Trace|Mixed Platforms.Build.0 = Release_ohne_Trace|Any CPU
		{11264654-6ED1-4E3B-9CC6-9FF44250A27F}.Release_ohne_Trace|x86.ActiveCfg = Release_ohne_Trace|Any CPU
		{11264654-6ED1-4E3B-9CC6-9FF44250A27F}.Release|Any CPU.ActiveCfg = Release|Any CPU
		{11264654-6ED1-4E3B-9CC6-9FF44250A27F}.Release|Any CPU.Build.0 = Release|Any CPU
		{11264654-6ED1-4E3B-9CC6-9FF44250A27F}.Release|Mixed Platforms.ActiveCfg = Release|Any CPU
		{11264654-6ED1-4E3B-9CC6-9FF44250A27F}.Release|Mixed Platforms.Build.0 = Release|Any CPU
		{11264654-6ED1-4E3B-9CC6-9FF44250A27F}.Release|x86.ActiveCfg = Release|Any CPU
		{756754B8-D5B9-4123-8B9D-2C37AF2D43F2}.Debug|Any CPU.ActiveCfg = Debug|Any CPU
		{756754B8-D5B9-4123-8B9D-2C37AF2D43F2}.Debug|Any CPU.Build.0 = Debug|Any CPU
		{756754B8-D5B9-4123-8B9D-2C37AF2D43F2}.Debug|Mixed Platforms.ActiveCfg = Debug|Any CPU
		{756754B8-D5B9-4123-8B9D-2C37AF2D43F2}.Debug|Mixed Platforms.Build.0 = Debug|Any CPU
		{756754B8-D5B9-4123-8B9D-2C37AF2D43F2}.Debug|x86.ActiveCfg = Debug|Any CPU
		{756754B8-D5B9-4123-8B9D-2C37AF2D43F2}.Individual|Any CPU.ActiveCfg = Individual|Any CPU
		{756754B8-D5B9-4123-8B9D-2C37AF2D43F2}.Individual|Any CPU.Build.0 = Individual|Any CPU
		{756754B8-D5B9-4123-8B9D-2C37AF2D43F2}.Individual|Mixed Platforms.ActiveCfg = Individual|Any CPU
		{756754B8-D5B9-4123-8B9D-2C37AF2D43F2}.Individual|Mixed Platforms.Build.0 = Individual|Any CPU
		{756754B8-D5B9-4123-8B9D-2C37AF2D43F2}.Individual|x86.ActiveCfg = Individual|Any CPU
		{756754B8-D5B9-4123-8B9D-2C37AF2D43F2}.Realease_mit_Trace|Any CPU.ActiveCfg = Release_ohne_Trace|Any CPU
		{756754B8-D5B9-4123-8B9D-2C37AF2D43F2}.Realease_mit_Trace|Any CPU.Build.0 = Release_ohne_Trace|Any CPU
		{756754B8-D5B9-4123-8B9D-2C37AF2D43F2}.Realease_mit_Trace|Mixed Platforms.ActiveCfg = Release_ohne_Trace|Any CPU
		{756754B8-D5B9-4123-8B9D-2C37AF2D43F2}.Realease_mit_Trace|Mixed Platforms.Build.0 = Release_ohne_Trace|Any CPU
		{756754B8-D5B9-4123-8B9D-2C37AF2D43F2}.Realease_mit_Trace|x86.ActiveCfg = Release_ohne_Trace|Any CPU
		{756754B8-D5B9-4123-8B9D-2C37AF2D43F2}.Release_ohne_Trace|Any CPU.ActiveCfg = Release_ohne_Trace|Any CPU
		{756754B8-D5B9-4123-8B9D-2C37AF2D43F2}.Release_ohne_Trace|Any CPU.Build.0 = Release_ohne_Trace|Any CPU
		{756754B8-D5B9-4123-8B9D-2C37AF2D43F2}.Release_ohne_Trace|Mixed Platforms.ActiveCfg = Release_ohne_Trace|Any CPU
		{756754B8-D5B9-4123-8B9D-2C37AF2D43F2}.Release_ohne_Trace|Mixed Platforms.Build.0 = Release_ohne_Trace|Any CPU
		{756754B8-D5B9-4123-8B9D-2C37AF2D43F2}.Release_ohne_Trace|x86.ActiveCfg = Release_ohne_Trace|Any CPU
		{756754B8-D5B9-4123-8B9D-2C37AF2D43F2}.Release|Any CPU.ActiveCfg = Release|Any CPU
		{756754B8-D5B9-4123-8B9D-2C37AF2D43F2}.Release|Any CPU.Build.0 = Release|Any CPU
		{756754B8-D5B9-4123-8B9D-2C37AF2D43F2}.Release|Mixed Platforms.ActiveCfg = Release|Any CPU
		{756754B8-D5B9-4123-8B9D-2C37AF2D43F2}.Release|Mixed Platforms.Build.0 = Release|Any CPU
		{756754B8-D5B9-4123-8B9D-2C37AF2D43F2}.Release|x86.ActiveCfg = Release|Any CPU
		{546FD03B-D3FA-45E1-BEE9-BC439E720678}.Debug|Any CPU.ActiveCfg = Debug|Any CPU
		{546FD03B-D3FA-45E1-BEE9-BC439E720678}.Debug|Any CPU.Build.0 = Debug|Any CPU
		{546FD03B-D3FA-45E1-BEE9-BC439E720678}.Debug|Mixed Platforms.ActiveCfg = Debug|Any CPU
		{546FD03B-D3FA-45E1-BEE9-BC439E720678}.Debug|Mixed Platforms.Build.0 = Debug|Any CPU
		{546FD03B-D3FA-45E1-BEE9-BC439E720678}.Debug|x86.ActiveCfg = Debug|Any CPU
		{546FD03B-D3FA-45E1-BEE9-BC439E720678}.Individual|Any CPU.ActiveCfg = Individual|Any CPU
		{546FD03B-D3FA-45E1-BEE9-BC439E720678}.Individual|Any CPU.Build.0 = Individual|Any CPU
		{546FD03B-D3FA-45E1-BEE9-BC439E720678}.Individual|Mixed Platforms.ActiveCfg = Individual|Any CPU
		{546FD03B-D3FA-45E1-BEE9-BC439E720678}.Individual|Mixed Platforms.Build.0 = Individual|Any CPU
		{546FD03B-D3FA-45E1-BEE9-BC439E720678}.Individual|x86.ActiveCfg = Individual|Any CPU
		{546FD03B-D3FA-45E1-BEE9-BC439E720678}.Realease_mit_Trace|Any CPU.ActiveCfg = Release|Any CPU
		{546FD03B-D3FA-45E1-BEE9-BC439E720678}.Realease_mit_Trace|Any CPU.Build.0 = Release|Any CPU
		{546FD03B-D3FA-45E1-BEE9-BC439E720678}.Realease_mit_Trace|Mixed Platforms.ActiveCfg = Release|Any CPU
		{546FD03B-D3FA-45E1-BEE9-BC439E720678}.Realease_mit_Trace|Mixed Platforms.Build.0 = Release|Any CPU
		{546FD03B-D3FA-45E1-BEE9-BC439E720678}.Realease_mit_Trace|x86.ActiveCfg = Release|Any CPU
		{546FD03B-D3FA-45E1-BEE9-BC439E720678}.Release_ohne_Trace|Any CPU.ActiveCfg = Release|Any CPU
		{546FD03B-D3FA-45E1-BEE9-BC439E720678}.Release_ohne_Trace|Any CPU.Build.0 = Release|Any CPU
		{546FD03B-D3FA-45E1-BEE9-BC439E720678}.Release_ohne_Trace|Mixed Platforms.ActiveCfg = Release|Any CPU
		{546FD03B-D3FA-45E1-BEE9-BC439E720678}.Release_ohne_Trace|Mixed Platforms.Build.0 = Release|Any CPU
		{546FD03B-D3FA-45E1-BEE9-BC439E720678}.Release_ohne_Trace|x86.ActiveCfg = Release|Any CPU
		{546FD03B-D3FA-45E1-BEE9-BC439E720678}.Release|Any CPU.ActiveCfg = Release|Any CPU
		{546FD03B-D3FA-45E1-BEE9-BC439E720678}.Release|Any CPU.Build.0 = Release|Any CPU
		{546FD03B-D3FA-45E1-BEE9-BC439E720678}.Release|Mixed Platforms.ActiveCfg = Release|Any CPU
		{546FD03B-D3FA-45E1-BEE9-BC439E720678}.Release|Mixed Platforms.Build.0 = Release|Any CPU
		{546FD03B-D3FA-45E1-BEE9-BC439E720678}.Release|x86.ActiveCfg = Release|Any CPU
		{9F1349B4-0BDA-4E6B-8822-F835E1B84426}.Debug|Any CPU.ActiveCfg = Debug|Any CPU
		{9F1349B4-0BDA-4E6B-8822-F835E1B84426}.Debug|Any CPU.Build.0 = Debug|Any CPU
		{9F1349B4-0BDA-4E6B-8822-F835E1B84426}.Debug|Mixed Platforms.ActiveCfg = Debug|Any CPU
		{9F1349B4-0BDA-4E6B-8822-F835E1B84426}.Debug|Mixed Platforms.Build.0 = Debug|Any CPU
		{9F1349B4-0BDA-4E6B-8822-F835E1B84426}.Debug|x86.ActiveCfg = Debug|Any CPU
		{9F1349B4-0BDA-4E6B-8822-F835E1B84426}.Individual|Any CPU.ActiveCfg = Individual|Any CPU
		{9F1349B4-0BDA-4E6B-8822-F835E1B84426}.Individual|Any CPU.Build.0 = Individual|Any CPU
		{9F1349B4-0BDA-4E6B-8822-F835E1B84426}.Individual|Mixed Platforms.ActiveCfg = Individual|Any CPU
		{9F1349B4-0BDA-4E6B-8822-F835E1B84426}.Individual|Mixed Platforms.Build.0 = Individual|Any CPU
		{9F1349B4-0BDA-4E6B-8822-F835E1B84426}.Individual|x86.ActiveCfg = Individual|Any CPU
		{9F1349B4-0BDA-4E6B-8822-F835E1B84426}.Realease_mit_Trace|Any CPU.ActiveCfg = Release|Any CPU
		{9F1349B4-0BDA-4E6B-8822-F835E1B84426}.Realease_mit_Trace|Any CPU.Build.0 = Release|Any CPU
		{9F1349B4-0BDA-4E6B-8822-F835E1B84426}.Realease_mit_Trace|Mixed Platforms.ActiveCfg = Release|Any CPU
		{9F1349B4-0BDA-4E6B-8822-F835E1B84426}.Realease_mit_Trace|Mixed Platforms.Build.0 = Release|Any CPU
		{9F1349B4-0BDA-4E6B-8822-F835E1B84426}.Realease_mit_Trace|x86.ActiveCfg = Release|Any CPU
		{9F1349B4-0BDA-4E6B-8822-F835E1B84426}.Release_ohne_Trace|Any CPU.ActiveCfg = Release|Any CPU
		{9F1349B4-0BDA-4E6B-8822-F835E1B84426}.Release_ohne_Trace|Any CPU.Build.0 = Release|Any CPU
		{9F1349B4-0BDA-4E6B-8822-F835E1B84426}.Release_ohne_Trace|Mixed Platforms.ActiveCfg = Release|Any CPU
		{9F1349B4-0BDA-4E6B-8822-F835E1B84426}.Release_ohne_Trace|Mixed Platforms.Build.0 = Release|Any CPU
		{9F1349B4-0BDA-4E6B-8822-F835E1B84426}.Release_ohne_Trace|x86.ActiveCfg = Release|Any CPU
		{9F1349B4-0BDA-4E6B-8822-F835E1B84426}.Release|Any CPU.ActiveCfg = Release|Any CPU
		{9F1349B4-0BDA-4E6B-8822-F835E1B84426}.Release|Any CPU.Build.0 = Release|Any CPU
		{9F1349B4-0BDA-4E6B-8822-F835E1B84426}.Release|Mixed Platforms.ActiveCfg = Release|Any CPU
		{9F1349B4-0BDA-4E6B-8822-F835E1B84426}.Release|Mixed Platforms.Build.0 = Release|Any CPU
		{9F1349B4-0BDA-4E6B-8822-F835E1B84426}.Release|x86.ActiveCfg = Release|Any CPU
		{3C583772-41DA-4F7B-85A5-04E999A303DF}.Debug|Any CPU.ActiveCfg = Debug|Any CPU
		{3C583772-41DA-4F7B-85A5-04E999A303DF}.Debug|Any CPU.Build.0 = Debug|Any CPU
		{3C583772-41DA-4F7B-85A5-04E999A303DF}.Debug|Mixed Platforms.ActiveCfg = Debug|Any CPU
		{3C583772-41DA-4F7B-85A5-04E999A303DF}.Debug|Mixed Platforms.Build.0 = Debug|Any CPU
		{3C583772-41DA-4F7B-85A5-04E999A303DF}.Debug|x86.ActiveCfg = Debug|Any CPU
		{3C583772-41DA-4F7B-85A5-04E999A303DF}.Individual|Any CPU.ActiveCfg = Individual|Any CPU
		{3C583772-41DA-4F7B-85A5-04E999A303DF}.Individual|Any CPU.Build.0 = Individual|Any CPU
		{3C583772-41DA-4F7B-85A5-04E999A303DF}.Individual|Mixed Platforms.ActiveCfg = Individual|Any CPU
		{3C583772-41DA-4F7B-85A5-04E999A303DF}.Individual|Mixed Platforms.Build.0 = Individual|Any CPU
		{3C583772-41DA-4F7B-85A5-04E999A303DF}.Individual|x86.ActiveCfg = Individual|Any CPU
		{3C583772-41DA-4F7B-85A5-04E999A303DF}.Realease_mit_Trace|Any CPU.ActiveCfg = Release|Any CPU
		{3C583772-41DA-4F7B-85A5-04E999A303DF}.Realease_mit_Trace|Any CPU.Build.0 = Release|Any CPU
		{3C583772-41DA-4F7B-85A5-04E999A303DF}.Realease_mit_Trace|Mixed Platforms.ActiveCfg = Release|Any CPU
		{3C583772-41DA-4F7B-85A5-04E999A303DF}.Realease_mit_Trace|Mixed Platforms.Build.0 = Release|Any CPU
		{3C583772-41DA-4F7B-85A5-04E999A303DF}.Realease_mit_Trace|x86.ActiveCfg = Release|Any CPU
		{3C583772-41DA-4F7B-85A5-04E999A303DF}.Release_ohne_Trace|Any CPU.ActiveCfg = Release|Any CPU
		{3C583772-41DA-4F7B-85A5-04E999A303DF}.Release_ohne_Trace|Any CPU.Build.0 = Release|Any CPU
		{3C583772-41DA-4F7B-85A5-04E999A303DF}.Release_ohne_Trace|Mixed Platforms.ActiveCfg = Release|Any CPU
		{3C583772-41DA-4F7B-85A5-04E999A303DF}.Release_ohne_Trace|Mixed Platforms.Build.0 = Release|Any CPU
		{3C583772-41DA-4F7B-85A5-04E999A303DF}.Release_ohne_Trace|x86.ActiveCfg = Release|Any CPU
		{3C583772-41DA-4F7B-85A5-04E999A303DF}.Release|Any CPU.ActiveCfg = Release|Any CPU
		{3C583772-41DA-4F7B-85A5-04E999A303DF}.Release|Any CPU.Build.0 = Release|Any CPU
		{3C583772-41DA-4F7B-85A5-04E999A303DF}.Release|Mixed Platforms.ActiveCfg = Release|Any CPU
		{3C583772-41DA-4F7B-85A5-04E999A303DF}.Release|Mixed Platforms.Build.0 = Release|Any CPU
		{3C583772-41DA-4F7B-85A5-04E999A303DF}.Release|x86.ActiveCfg = Release|Any CPU
		{F01CC5DE-FAD1-4EB4-A72B-36AB4F31F363}.Debug|Any CPU.ActiveCfg = Debug|Any CPU
		{F01CC5DE-FAD1-4EB4-A72B-36AB4F31F363}.Debug|Any CPU.Build.0 = Debug|Any CPU
		{F01CC5DE-FAD1-4EB4-A72B-36AB4F31F363}.Debug|Mixed Platforms.ActiveCfg = Debug|Any CPU
		{F01CC5DE-FAD1-4EB4-A72B-36AB4F31F363}.Debug|Mixed Platforms.Build.0 = Debug|Any CPU
		{F01CC5DE-FAD1-4EB4-A72B-36AB4F31F363}.Debug|x86.ActiveCfg = Debug|Any CPU
		{F01CC5DE-FAD1-4EB4-A72B-36AB4F31F363}.Individual|Any CPU.ActiveCfg = Individual|Any CPU
		{F01CC5DE-FAD1-4EB4-A72B-36AB4F31F363}.Individual|Any CPU.Build.0 = Individual|Any CPU
		{F01CC5DE-FAD1-4EB4-A72B-36AB4F31F363}.Individual|Mixed Platforms.ActiveCfg = Individual|Any CPU
		{F01CC5DE-FAD1-4EB4-A72B-36AB4F31F363}.Individual|Mixed Platforms.Build.0 = Individual|Any CPU
		{F01CC5DE-FAD1-4EB4-A72B-36AB4F31F363}.Individual|x86.ActiveCfg = Individual|Any CPU
		{F01CC5DE-FAD1-4EB4-A72B-36AB4F31F363}.Realease_mit_Trace|Any CPU.ActiveCfg = Realease_mit_Trace|Any CPU
		{F01CC5DE-FAD1-4EB4-A72B-36AB4F31F363}.Realease_mit_Trace|Any CPU.Build.0 = Realease_mit_Trace|Any CPU
		{F01CC5DE-FAD1-4EB4-A72B-36AB4F31F363}.Realease_mit_Trace|Mixed Platforms.ActiveCfg = Realease_mit_Trace|Any CPU
		{F01CC5DE-FAD1-4EB4-A72B-36AB4F31F363}.Realease_mit_Trace|Mixed Platforms.Build.0 = Realease_mit_Trace|Any CPU
		{F01CC5DE-FAD1-4EB4-A72B-36AB4F31F363}.Realease_mit_Trace|x86.ActiveCfg = Realease_mit_Trace|Any CPU
		{F01CC5DE-FAD1-4EB4-A72B-36AB4F31F363}.Release_ohne_Trace|Any CPU.ActiveCfg = Release|Any CPU
		{F01CC5DE-FAD1-4EB4-A72B-36AB4F31F363}.Release_ohne_Trace|Any CPU.Build.0 = Release|Any CPU
		{F01CC5DE-FAD1-4EB4-A72B-36AB4F31F363}.Release_ohne_Trace|Mixed Platforms.ActiveCfg = Release|Any CPU
		{F01CC5DE-FAD1-4EB4-A72B-36AB4F31F363}.Release_ohne_Trace|Mixed Platforms.Build.0 = Release|Any CPU
		{F01CC5DE-FAD1-4EB4-A72B-36AB4F31F363}.Release_ohne_Trace|x86.ActiveCfg = Release|Any CPU
		{F01CC5DE-FAD1-4EB4-A72B-36AB4F31F363}.Release|Any CPU.ActiveCfg = Release|Any CPU
		{F01CC5DE-FAD1-4EB4-A72B-36AB4F31F363}.Release|Any CPU.Build.0 = Release|Any CPU
		{F01CC5DE-FAD1-4EB4-A72B-36AB4F31F363}.Release|Mixed Platforms.ActiveCfg = Release|Any CPU
		{F01CC5DE-FAD1-4EB4-A72B-36AB4F31F363}.Release|Mixed Platforms.Build.0 = Release|Any CPU
		{F01CC5DE-FAD1-4EB4-A72B-36AB4F31F363}.Release|x86.ActiveCfg = Release|Any CPU
		{8D933CC4-4E9C-40E0-AE43-90F165112229}.Debug|Any CPU.ActiveCfg = Debug|Any CPU
		{8D933CC4-4E9C-40E0-AE43-90F165112229}.Debug|Any CPU.Build.0 = Debug|Any CPU
		{8D933CC4-4E9C-40E0-AE43-90F165112229}.Debug|Mixed Platforms.ActiveCfg = Debug|Any CPU
		{8D933CC4-4E9C-40E0-AE43-90F165112229}.Debug|Mixed Platforms.Build.0 = Debug|Any CPU
		{8D933CC4-4E9C-40E0-AE43-90F165112229}.Debug|x86.ActiveCfg = Debug|Any CPU
		{8D933CC4-4E9C-40E0-AE43-90F165112229}.Individual|Any CPU.ActiveCfg = Individual|Any CPU
		{8D933CC4-4E9C-40E0-AE43-90F165112229}.Individual|Any CPU.Build.0 = Individual|Any CPU
		{8D933CC4-4E9C-40E0-AE43-90F165112229}.Individual|Mixed Platforms.ActiveCfg = Individual|Any CPU
		{8D933CC4-4E9C-40E0-AE43-90F165112229}.Individual|Mixed Platforms.Build.0 = Individual|Any CPU
		{8D933CC4-4E9C-40E0-AE43-90F165112229}.Individual|x86.ActiveCfg = Individual|Any CPU
		{8D933CC4-4E9C-40E0-AE43-90F165112229}.Realease_mit_Trace|Any CPU.ActiveCfg = Release|Any CPU
		{8D933CC4-4E9C-40E0-AE43-90F165112229}.Realease_mit_Trace|Any CPU.Build.0 = Release|Any CPU
		{8D933CC4-4E9C-40E0-AE43-90F165112229}.Realease_mit_Trace|Mixed Platforms.ActiveCfg = Release|Any CPU
		{8D933CC4-4E9C-40E0-AE43-90F165112229}.Realease_mit_Trace|Mixed Platforms.Build.0 = Release|Any CPU
		{8D933CC4-4E9C-40E0-AE43-90F165112229}.Realease_mit_Trace|x86.ActiveCfg = Release|Any CPU
		{8D933CC4-4E9C-40E0-AE43-90F165112229}.Release_ohne_Trace|Any CPU.ActiveCfg = Release|Any CPU
		{8D933CC4-4E9C-40E0-AE43-90F165112229}.Release_ohne_Trace|Any CPU.Build.0 = Release|Any CPU
		{8D933CC4-4E9C-40E0-AE43-90F165112229}.Release_ohne_Trace|Mixed Platforms.ActiveCfg = Release|Any CPU
		{8D933CC4-4E9C-40E0-AE43-90F165112229}.Release_ohne_Trace|Mixed Platforms.Build.0 = Release|Any CPU
		{8D933CC4-4E9C-40E0-AE43-90F165112229}.Release_ohne_Trace|x86.ActiveCfg = Release|Any CPU
		{8D933CC4-4E9C-40E0-AE43-90F165112229}.Release|Any CPU.ActiveCfg = Release|Any CPU
		{8D933CC4-4E9C-40E0-AE43-90F165112229}.Release|Any CPU.Build.0 = Release|Any CPU
		{8D933CC4-4E9C-40E0-AE43-90F165112229}.Release|Mixed Platforms.ActiveCfg = Release|Any CPU
		{8D933CC4-4E9C-40E0-AE43-90F165112229}.Release|Mixed Platforms.Build.0 = Release|Any CPU
		{8D933CC4-4E9C-40E0-AE43-90F165112229}.Release|x86.ActiveCfg = Release|Any CPU
		{E1E76DCF-3792-42A1-BA73-86ABFEEB8E0E}.Debug|Any CPU.ActiveCfg = Debug|Any CPU
		{E1E76DCF-3792-42A1-BA73-86ABFEEB8E0E}.Debug|Any CPU.Build.0 = Debug|Any CPU
		{E1E76DCF-3792-42A1-BA73-86ABFEEB8E0E}.Debug|Mixed Platforms.ActiveCfg = Debug|Any CPU
		{E1E76DCF-3792-42A1-BA73-86ABFEEB8E0E}.Debug|Mixed Platforms.Build.0 = Debug|Any CPU
		{E1E76DCF-3792-42A1-BA73-86ABFEEB8E0E}.Debug|x86.ActiveCfg = Debug|Any CPU
		{E1E76DCF-3792-42A1-BA73-86ABFEEB8E0E}.Individual|Any CPU.ActiveCfg = Individual|Any CPU
		{E1E76DCF-3792-42A1-BA73-86ABFEEB8E0E}.Individual|Any CPU.Build.0 = Individual|Any CPU
		{E1E76DCF-3792-42A1-BA73-86ABFEEB8E0E}.Individual|Mixed Platforms.ActiveCfg = Individual|Any CPU
		{E1E76DCF-3792-42A1-BA73-86ABFEEB8E0E}.Individual|Mixed Platforms.Build.0 = Individual|Any CPU
		{E1E76DCF-3792-42A1-BA73-86ABFEEB8E0E}.Individual|x86.ActiveCfg = Individual|Any CPU
		{E1E76DCF-3792-42A1-BA73-86ABFEEB8E0E}.Realease_mit_Trace|Any CPU.ActiveCfg = Release|Any CPU
		{E1E76DCF-3792-42A1-BA73-86ABFEEB8E0E}.Realease_mit_Trace|Any CPU.Build.0 = Release|Any CPU
		{E1E76DCF-3792-42A1-BA73-86ABFEEB8E0E}.Realease_mit_Trace|Mixed Platforms.ActiveCfg = Release|Any CPU
		{E1E76DCF-3792-42A1-BA73-86ABFEEB8E0E}.Realease_mit_Trace|Mixed Platforms.Build.0 = Release|Any CPU
		{E1E76DCF-3792-42A1-BA73-86ABFEEB8E0E}.Realease_mit_Trace|x86.ActiveCfg = Release|Any CPU
		{E1E76DCF-3792-42A1-BA73-86ABFEEB8E0E}.Release_ohne_Trace|Any CPU.ActiveCfg = Release|Any CPU
		{E1E76DCF-3792-42A1-BA73-86ABFEEB8E0E}.Release_ohne_Trace|Any CPU.Build.0 = Release|Any CPU
		{E1E76DCF-3792-42A1-BA73-86ABFEEB8E0E}.Release_ohne_Trace|Mixed Platforms.ActiveCfg = Release|Any CPU
		{E1E76DCF-3792-42A1-BA73-86ABFEEB8E0E}.Release_ohne_Trace|Mixed Platforms.Build.0 = Release|Any CPU
		{E1E76DCF-3792-42A1-BA73-86ABFEEB8E0E}.Release_ohne_Trace|x86.ActiveCfg = Release|Any CPU
		{E1E76DCF-3792-42A1-BA73-86ABFEEB8E0E}.Release|Any CPU.ActiveCfg = Release|Any CPU
		{E1E76DCF-3792-42A1-BA73-86ABFEEB8E0E}.Release|Any CPU.Build.0 = Release|Any CPU
		{E1E76DCF-3792-42A1-BA73-86ABFEEB8E0E}.Release|Mixed Platforms.ActiveCfg = Release|Any CPU
		{E1E76DCF-3792-42A1-BA73-86ABFEEB8E0E}.Release|Mixed Platforms.Build.0 = Release|Any CPU
		{E1E76DCF-3792-42A1-BA73-86ABFEEB8E0E}.Release|x86.ActiveCfg = Release|Any CPU
		{25AB1A73-4395-4843-80BD-B5E13579ADB1}.Debug|Any CPU.ActiveCfg = Debug|Any CPU
		{25AB1A73-4395-4843-80BD-B5E13579ADB1}.Debug|Any CPU.Build.0 = Debug|Any CPU
		{25AB1A73-4395-4843-80BD-B5E13579ADB1}.Debug|Mixed Platforms.ActiveCfg = Debug|Any CPU
		{25AB1A73-4395-4843-80BD-B5E13579ADB1}.Debug|Mixed Platforms.Build.0 = Debug|Any CPU
		{25AB1A73-4395-4843-80BD-B5E13579ADB1}.Debug|x86.ActiveCfg = Debug|Any CPU
		{25AB1A73-4395-4843-80BD-B5E13579ADB1}.Individual|Any CPU.ActiveCfg = Individual|Any CPU
		{25AB1A73-4395-4843-80BD-B5E13579ADB1}.Individual|Any CPU.Build.0 = Individual|Any CPU
		{25AB1A73-4395-4843-80BD-B5E13579ADB1}.Individual|Mixed Platforms.ActiveCfg = Individual|Any CPU
		{25AB1A73-4395-4843-80BD-B5E13579ADB1}.Individual|Mixed Platforms.Build.0 = Individual|Any CPU
		{25AB1A73-4395-4843-80BD-B5E13579ADB1}.Individual|x86.ActiveCfg = Individual|Any CPU
		{25AB1A73-4395-4843-80BD-B5E13579ADB1}.Realease_mit_Trace|Any CPU.ActiveCfg = Release|Any CPU
		{25AB1A73-4395-4843-80BD-B5E13579ADB1}.Realease_mit_Trace|Any CPU.Build.0 = Release|Any CPU
		{25AB1A73-4395-4843-80BD-B5E13579ADB1}.Realease_mit_Trace|Mixed Platforms.ActiveCfg = Release|Any CPU
		{25AB1A73-4395-4843-80BD-B5E13579ADB1}.Realease_mit_Trace|Mixed Platforms.Build.0 = Release|Any CPU
		{25AB1A73-4395-4843-80BD-B5E13579ADB1}.Realease_mit_Trace|x86.ActiveCfg = Release|Any CPU
		{25AB1A73-4395-4843-80BD-B5E13579ADB1}.Release_ohne_Trace|Any CPU.ActiveCfg = Release|Any CPU
		{25AB1A73-4395-4843-80BD-B5E13579ADB1}.Release_ohne_Trace|Any CPU.Build.0 = Release|Any CPU
		{25AB1A73-4395-4843-80BD-B5E13579ADB1}.Release_ohne_Trace|Mixed Platforms.ActiveCfg = Release|Any CPU
		{25AB1A73-4395-4843-80BD-B5E13579ADB1}.Release_ohne_Trace|Mixed Platforms.Build.0 = Release|Any CPU
		{25AB1A73-4395-4843-80BD-B5E13579ADB1}.Release_ohne_Trace|x86.ActiveCfg = Release|Any CPU
		{25AB1A73-4395-4843-80BD-B5E13579ADB1}.Release|Any CPU.ActiveCfg = Release|Any CPU
		{25AB1A73-4395-4843-80BD-B5E13579ADB1}.Release|Any CPU.Build.0 = Release|Any CPU
		{25AB1A73-4395-4843-80BD-B5E13579ADB1}.Release|Mixed Platforms.ActiveCfg = Release|Any CPU
		{25AB1A73-4395-4843-80BD-B5E13579ADB1}.Release|Mixed Platforms.Build.0 = Release|Any CPU
		{25AB1A73-4395-4843-80BD-B5E13579ADB1}.Release|x86.ActiveCfg = Release|Any CPU
		{2F0C4C4D-8E93-4945-9A76-FB2CB21DEC0D}.Debug|Any CPU.ActiveCfg = Debug|Any CPU
		{2F0C4C4D-8E93-4945-9A76-FB2CB21DEC0D}.Debug|Any CPU.Build.0 = Debug|Any CPU
		{2F0C4C4D-8E93-4945-9A76-FB2CB21DEC0D}.Debug|Mixed Platforms.ActiveCfg = Debug|Any CPU
		{2F0C4C4D-8E93-4945-9A76-FB2CB21DEC0D}.Debug|Mixed Platforms.Build.0 = Debug|Any CPU
		{2F0C4C4D-8E93-4945-9A76-FB2CB21DEC0D}.Debug|x86.ActiveCfg = Debug|Any CPU
		{2F0C4C4D-8E93-4945-9A76-FB2CB21DEC0D}.Individual|Any CPU.ActiveCfg = Individual|Any CPU
		{2F0C4C4D-8E93-4945-9A76-FB2CB21DEC0D}.Individual|Any CPU.Build.0 = Individual|Any CPU
		{2F0C4C4D-8E93-4945-9A76-FB2CB21DEC0D}.Individual|Mixed Platforms.ActiveCfg = Individual|Any CPU
		{2F0C4C4D-8E93-4945-9A76-FB2CB21DEC0D}.Individual|Mixed Platforms.Build.0 = Individual|Any CPU
		{2F0C4C4D-8E93-4945-9A76-FB2CB21DEC0D}.Individual|x86.ActiveCfg = Individual|Any CPU
		{2F0C4C4D-8E93-4945-9A76-FB2CB21DEC0D}.Realease_mit_Trace|Any CPU.ActiveCfg = Release|Any CPU
		{2F0C4C4D-8E93-4945-9A76-FB2CB21DEC0D}.Realease_mit_Trace|Any CPU.Build.0 = Release|Any CPU
		{2F0C4C4D-8E93-4945-9A76-FB2CB21DEC0D}.Realease_mit_Trace|Mixed Platforms.ActiveCfg = Release|Any CPU
		{2F0C4C4D-8E93-4945-9A76-FB2CB21DEC0D}.Realease_mit_Trace|Mixed Platforms.Build.0 = Release|Any CPU
		{2F0C4C4D-8E93-4945-9A76-FB2CB21DEC0D}.Realease_mit_Trace|x86.ActiveCfg = Release|Any CPU
		{2F0C4C4D-8E93-4945-9A76-FB2CB21DEC0D}.Release_ohne_Trace|Any CPU.ActiveCfg = Release|Any CPU
		{2F0C4C4D-8E93-4945-9A76-FB2CB21DEC0D}.Release_ohne_Trace|Any CPU.Build.0 = Release|Any CPU
		{2F0C4C4D-8E93-4945-9A76-FB2CB21DEC0D}.Release_ohne_Trace|Mixed Platforms.ActiveCfg = Release|Any CPU
		{2F0C4C4D-8E93-4945-9A76-FB2CB21DEC0D}.Release_ohne_Trace|Mixed Platforms.Build.0 = Release|Any CPU
		{2F0C4C4D-8E93-4945-9A76-FB2CB21DEC0D}.Release_ohne_Trace|x86.ActiveCfg = Release|Any CPU
		{2F0C4C4D-8E93-4945-9A76-FB2CB21DEC0D}.Release|Any CPU.ActiveCfg = Release|Any CPU
		{2F0C4C4D-8E93-4945-9A76-FB2CB21DEC0D}.Release|Any CPU.Build.0 = Release|Any CPU
		{2F0C4C4D-8E93-4945-9A76-FB2CB21DEC0D}.Release|Mixed Platforms.ActiveCfg = Release|Any CPU
		{2F0C4C4D-8E93-4945-9A76-FB2CB21DEC0D}.Release|Mixed Platforms.Build.0 = Release|Any CPU
		{2F0C4C4D-8E93-4945-9A76-FB2CB21DEC0D}.Release|x86.ActiveCfg = Release|Any CPU
		{BAE7A3F7-982E-4A5D-BDC0-764B3DBBC6AC}.Debug|Any CPU.ActiveCfg = Debug|x86
		{BAE7A3F7-982E-4A5D-BDC0-764B3DBBC6AC}.Debug|Mixed Platforms.ActiveCfg = Debug|x86
		{BAE7A3F7-982E-4A5D-BDC0-764B3DBBC6AC}.Debug|Mixed Platforms.Build.0 = Debug|x86
		{BAE7A3F7-982E-4A5D-BDC0-764B3DBBC6AC}.Debug|x86.ActiveCfg = Debug|x86
		{BAE7A3F7-982E-4A5D-BDC0-764B3DBBC6AC}.Debug|x86.Build.0 = Debug|x86
		{BAE7A3F7-982E-4A5D-BDC0-764B3DBBC6AC}.Individual|Any CPU.ActiveCfg = Individual|x86
		{BAE7A3F7-982E-4A5D-BDC0-764B3DBBC6AC}.Individual|Mixed Platforms.ActiveCfg = Individual|x86
		{BAE7A3F7-982E-4A5D-BDC0-764B3DBBC6AC}.Individual|Mixed Platforms.Build.0 = Individual|x86
		{BAE7A3F7-982E-4A5D-BDC0-764B3DBBC6AC}.Individual|x86.ActiveCfg = Individual|x86
		{BAE7A3F7-982E-4A5D-BDC0-764B3DBBC6AC}.Individual|x86.Build.0 = Individual|x86
		{BAE7A3F7-982E-4A5D-BDC0-764B3DBBC6AC}.Realease_mit_Trace|Any CPU.ActiveCfg = Release|x86
		{BAE7A3F7-982E-4A5D-BDC0-764B3DBBC6AC}.Realease_mit_Trace|Mixed Platforms.ActiveCfg = Release|x86
		{BAE7A3F7-982E-4A5D-BDC0-764B3DBBC6AC}.Realease_mit_Trace|Mixed Platforms.Build.0 = Release|x86
		{BAE7A3F7-982E-4A5D-BDC0-764B3DBBC6AC}.Realease_mit_Trace|x86.ActiveCfg = Release|x86
		{BAE7A3F7-982E-4A5D-BDC0-764B3DBBC6AC}.Realease_mit_Trace|x86.Build.0 = Release|x86
		{BAE7A3F7-982E-4A5D-BDC0-764B3DBBC6AC}.Release_ohne_Trace|Any CPU.ActiveCfg = Release|x86
		{BAE7A3F7-982E-4A5D-BDC0-764B3DBBC6AC}.Release_ohne_Trace|Mixed Platforms.ActiveCfg = Release|x86
		{BAE7A3F7-982E-4A5D-BDC0-764B3DBBC6AC}.Release_ohne_Trace|Mixed Platforms.Build.0 = Release|x86
		{BAE7A3F7-982E-4A5D-BDC0-764B3DBBC6AC}.Release_ohne_Trace|x86.ActiveCfg = Release|x86
		{BAE7A3F7-982E-4A5D-BDC0-764B3DBBC6AC}.Release_ohne_Trace|x86.Build.0 = Release|x86
		{BAE7A3F7-982E-4A5D-BDC0-764B3DBBC6AC}.Release|Any CPU.ActiveCfg = Release|x86
		{BAE7A3F7-982E-4A5D-BDC0-764B3DBBC6AC}.Release|Mixed Platforms.ActiveCfg = Release|x86
		{BAE7A3F7-982E-4A5D-BDC0-764B3DBBC6AC}.Release|Mixed Platforms.Build.0 = Release|x86
		{BAE7A3F7-982E-4A5D-BDC0-764B3DBBC6AC}.Release|x86.ActiveCfg = Release|x86
		{BAE7A3F7-982E-4A5D-BDC0-764B3DBBC6AC}.Release|x86.Build.0 = Release|x86
		{4D1FFF60-7487-4C90-8E3B-D0EE1CA03707}.Debug|Any CPU.ActiveCfg = Debug|Any CPU
		{4D1FFF60-7487-4C90-8E3B-D0EE1CA03707}.Debug|Any CPU.Build.0 = Debug|Any CPU
		{4D1FFF60-7487-4C90-8E3B-D0EE1CA03707}.Debug|Mixed Platforms.ActiveCfg = Debug|Any CPU
		{4D1FFF60-7487-4C90-8E3B-D0EE1CA03707}.Debug|Mixed Platforms.Build.0 = Debug|Any CPU
		{4D1FFF60-7487-4C90-8E3B-D0EE1CA03707}.Debug|x86.ActiveCfg = Debug|Any CPU
		{4D1FFF60-7487-4C90-8E3B-D0EE1CA03707}.Individual|Any CPU.ActiveCfg = Individual|Any CPU
		{4D1FFF60-7487-4C90-8E3B-D0EE1CA03707}.Individual|Any CPU.Build.0 = Individual|Any CPU
		{4D1FFF60-7487-4C90-8E3B-D0EE1CA03707}.Individual|Mixed Platforms.ActiveCfg = Individual|Any CPU
		{4D1FFF60-7487-4C90-8E3B-D0EE1CA03707}.Individual|Mixed Platforms.Build.0 = Individual|Any CPU
		{4D1FFF60-7487-4C90-8E3B-D0EE1CA03707}.Individual|x86.ActiveCfg = Individual|Any CPU
		{4D1FFF60-7487-4C90-8E3B-D0EE1CA03707}.Realease_mit_Trace|Any CPU.ActiveCfg = Release|Any CPU
		{4D1FFF60-7487-4C90-8E3B-D0EE1CA03707}.Realease_mit_Trace|Any CPU.Build.0 = Release|Any CPU
		{4D1FFF60-7487-4C90-8E3B-D0EE1CA03707}.Realease_mit_Trace|Mixed Platforms.ActiveCfg = Release|Any CPU
		{4D1FFF60-7487-4C90-8E3B-D0EE1CA03707}.Realease_mit_Trace|Mixed Platforms.Build.0 = Release|Any CPU
		{4D1FFF60-7487-4C90-8E3B-D0EE1CA03707}.Realease_mit_Trace|x86.ActiveCfg = Release|Any CPU
		{4D1FFF60-7487-4C90-8E3B-D0EE1CA03707}.Release_ohne_Trace|Any CPU.ActiveCfg = Release|Any CPU
		{4D1FFF60-7487-4C90-8E3B-D0EE1CA03707}.Release_ohne_Trace|Any CPU.Build.0 = Release|Any CPU
		{4D1FFF60-7487-4C90-8E3B-D0EE1CA03707}.Release_ohne_Trace|Mixed Platforms.ActiveCfg = Release|Any CPU
		{4D1FFF60-7487-4C90-8E3B-D0EE1CA03707}.Release_ohne_Trace|Mixed Platforms.Build.0 = Release|Any CPU
		{4D1FFF60-7487-4C90-8E3B-D0EE1CA03707}.Release_ohne_Trace|x86.ActiveCfg = Release|Any CPU
		{4D1FFF60-7487-4C90-8E3B-D0EE1CA03707}.Release|Any CPU.ActiveCfg = Release|Any CPU
		{4D1FFF60-7487-4C90-8E3B-D0EE1CA03707}.Release|Any CPU.Build.0 = Release|Any CPU
		{4D1FFF60-7487-4C90-8E3B-D0EE1CA03707}.Release|Mixed Platforms.ActiveCfg = Release|Any CPU
		{4D1FFF60-7487-4C90-8E3B-D0EE1CA03707}.Release|Mixed Platforms.Build.0 = Release|Any CPU
		{4D1FFF60-7487-4C90-8E3B-D0EE1CA03707}.Release|x86.ActiveCfg = Release|Any CPU
		{02FB229C-FB5B-4F4A-8746-84A3D2B57D0A}.Debug|Any CPU.ActiveCfg = Debug|x86
		{02FB229C-FB5B-4F4A-8746-84A3D2B57D0A}.Debug|Mixed Platforms.ActiveCfg = Debug|x86
		{02FB229C-FB5B-4F4A-8746-84A3D2B57D0A}.Debug|Mixed Platforms.Build.0 = Debug|x86
		{02FB229C-FB5B-4F4A-8746-84A3D2B57D0A}.Debug|x86.ActiveCfg = Debug|x86
		{02FB229C-FB5B-4F4A-8746-84A3D2B57D0A}.Debug|x86.Build.0 = Debug|x86
		{02FB229C-FB5B-4F4A-8746-84A3D2B57D0A}.Individual|Any CPU.ActiveCfg = Individual|x86
		{02FB229C-FB5B-4F4A-8746-84A3D2B57D0A}.Individual|Mixed Platforms.ActiveCfg = Individual|x86
		{02FB229C-FB5B-4F4A-8746-84A3D2B57D0A}.Individual|Mixed Platforms.Build.0 = Individual|x86
		{02FB229C-FB5B-4F4A-8746-84A3D2B57D0A}.Individual|x86.ActiveCfg = Individual|x86
		{02FB229C-FB5B-4F4A-8746-84A3D2B57D0A}.Individual|x86.Build.0 = Individual|x86
		{02FB229C-FB5B-4F4A-8746-84A3D2B57D0A}.Realease_mit_Trace|Any CPU.ActiveCfg = Release|x86
		{02FB229C-FB5B-4F4A-8746-84A3D2B57D0A}.Realease_mit_Trace|Mixed Platforms.ActiveCfg = Release|x86
		{02FB229C-FB5B-4F4A-8746-84A3D2B57D0A}.Realease_mit_Trace|Mixed Platforms.Build.0 = Release|x86
		{02FB229C-FB5B-4F4A-8746-84A3D2B57D0A}.Realease_mit_Trace|x86.ActiveCfg = Release|x86
		{02FB229C-FB5B-4F4A-8746-84A3D2B57D0A}.Realease_mit_Trace|x86.Build.0 = Release|x86
		{02FB229C-FB5B-4F4A-8746-84A3D2B57D0A}.Release_ohne_Trace|Any CPU.ActiveCfg = Release|x86
		{02FB229C-FB5B-4F4A-8746-84A3D2B57D0A}.Release_ohne_Trace|Mixed Platforms.ActiveCfg = Release|x86
		{02FB229C-FB5B-4F4A-8746-84A3D2B57D0A}.Release_ohne_Trace|Mixed Platforms.Build.0 = Release|x86
		{02FB229C-FB5B-4F4A-8746-84A3D2B57D0A}.Release_ohne_Trace|x86.ActiveCfg = Release|x86
		{02FB229C-FB5B-4F4A-8746-84A3D2B57D0A}.Release_ohne_Trace|x86.Build.0 = Release|x86
		{02FB229C-FB5B-4F4A-8746-84A3D2B57D0A}.Release|Any CPU.ActiveCfg = Release|x86
		{02FB229C-FB5B-4F4A-8746-84A3D2B57D0A}.Release|Mixed Platforms.ActiveCfg = Release|x86
		{02FB229C-FB5B-4F4A-8746-84A3D2B57D0A}.Release|Mixed Platforms.Build.0 = Release|x86
		{02FB229C-FB5B-4F4A-8746-84A3D2B57D0A}.Release|x86.ActiveCfg = Release|x86
		{02FB229C-FB5B-4F4A-8746-84A3D2B57D0A}.Release|x86.Build.0 = Release|x86
		{9E55D93E-809C-4F95-A85C-7D29BD06499C}.Debug|Any CPU.ActiveCfg = Debug|Any CPU
		{9E55D93E-809C-4F95-A85C-7D29BD06499C}.Debug|Any CPU.Build.0 = Debug|Any CPU
		{9E55D93E-809C-4F95-A85C-7D29BD06499C}.Debug|Mixed Platforms.ActiveCfg = Debug|Any CPU
		{9E55D93E-809C-4F95-A85C-7D29BD06499C}.Debug|Mixed Platforms.Build.0 = Debug|Any CPU
		{9E55D93E-809C-4F95-A85C-7D29BD06499C}.Debug|x86.ActiveCfg = Debug|Any CPU
		{9E55D93E-809C-4F95-A85C-7D29BD06499C}.Individual|Any CPU.ActiveCfg = Individual|Any CPU
		{9E55D93E-809C-4F95-A85C-7D29BD06499C}.Individual|Any CPU.Build.0 = Individual|Any CPU
		{9E55D93E-809C-4F95-A85C-7D29BD06499C}.Individual|Mixed Platforms.ActiveCfg = Individual|Any CPU
		{9E55D93E-809C-4F95-A85C-7D29BD06499C}.Individual|Mixed Platforms.Build.0 = Individual|Any CPU
		{9E55D93E-809C-4F95-A85C-7D29BD06499C}.Individual|x86.ActiveCfg = Individual|Any CPU
		{9E55D93E-809C-4F95-A85C-7D29BD06499C}.Realease_mit_Trace|Any CPU.ActiveCfg = Release|Any CPU
		{9E55D93E-809C-4F95-A85C-7D29BD06499C}.Realease_mit_Trace|Any CPU.Build.0 = Release|Any CPU
		{9E55D93E-809C-4F95-A85C-7D29BD06499C}.Realease_mit_Trace|Mixed Platforms.ActiveCfg = Release|Any CPU
		{9E55D93E-809C-4F95-A85C-7D29BD06499C}.Realease_mit_Trace|Mixed Platforms.Build.0 = Release|Any CPU
		{9E55D93E-809C-4F95-A85C-7D29BD06499C}.Realease_mit_Trace|x86.ActiveCfg = Release|Any CPU
		{9E55D93E-809C-4F95-A85C-7D29BD06499C}.Release_ohne_Trace|Any CPU.ActiveCfg = Release|Any CPU
		{9E55D93E-809C-4F95-A85C-7D29BD06499C}.Release_ohne_Trace|Any CPU.Build.0 = Release|Any CPU
		{9E55D93E-809C-4F95-A85C-7D29BD06499C}.Release_ohne_Trace|Mixed Platforms.ActiveCfg = Release|Any CPU
		{9E55D93E-809C-4F95-A85C-7D29BD06499C}.Release_ohne_Trace|Mixed Platforms.Build.0 = Release|Any CPU
		{9E55D93E-809C-4F95-A85C-7D29BD06499C}.Release_ohne_Trace|x86.ActiveCfg = Release|Any CPU
		{9E55D93E-809C-4F95-A85C-7D29BD06499C}.Release|Any CPU.ActiveCfg = Release|Any CPU
		{9E55D93E-809C-4F95-A85C-7D29BD06499C}.Release|Any CPU.Build.0 = Release|Any CPU
		{9E55D93E-809C-4F95-A85C-7D29BD06499C}.Release|Mixed Platforms.ActiveCfg = Release|Any CPU
		{9E55D93E-809C-4F95-A85C-7D29BD06499C}.Release|Mixed Platforms.Build.0 = Release|Any CPU
		{9E55D93E-809C-4F95-A85C-7D29BD06499C}.Release|x86.ActiveCfg = Release|Any CPU
		{2429DEA2-C96F-4866-BD0F-1731B19750A1}.Debug|Any CPU.ActiveCfg = Debug|Any CPU
		{2429DEA2-C96F-4866-BD0F-1731B19750A1}.Debug|Any CPU.Build.0 = Debug|Any CPU
		{2429DEA2-C96F-4866-BD0F-1731B19750A1}.Debug|Mixed Platforms.ActiveCfg = Debug|Any CPU
		{2429DEA2-C96F-4866-BD0F-1731B19750A1}.Debug|Mixed Platforms.Build.0 = Debug|Any CPU
		{2429DEA2-C96F-4866-BD0F-1731B19750A1}.Debug|x86.ActiveCfg = Debug|Any CPU
		{2429DEA2-C96F-4866-BD0F-1731B19750A1}.Individual|Any CPU.ActiveCfg = Individual|Any CPU
		{2429DEA2-C96F-4866-BD0F-1731B19750A1}.Individual|Any CPU.Build.0 = Individual|Any CPU
		{2429DEA2-C96F-4866-BD0F-1731B19750A1}.Individual|Mixed Platforms.ActiveCfg = Individual|Any CPU
		{2429DEA2-C96F-4866-BD0F-1731B19750A1}.Individual|Mixed Platforms.Build.0 = Individual|Any CPU
		{2429DEA2-C96F-4866-BD0F-1731B19750A1}.Individual|x86.ActiveCfg = Individual|Any CPU
		{2429DEA2-C96F-4866-BD0F-1731B19750A1}.Realease_mit_Trace|Any CPU.ActiveCfg = Release|Any CPU
		{2429DEA2-C96F-4866-BD0F-1731B19750A1}.Realease_mit_Trace|Any CPU.Build.0 = Release|Any CPU
		{2429DEA2-C96F-4866-BD0F-1731B19750A1}.Realease_mit_Trace|Mixed Platforms.ActiveCfg = Release|Any CPU
		{2429DEA2-C96F-4866-BD0F-1731B19750A1}.Realease_mit_Trace|Mixed Platforms.Build.0 = Release|Any CPU
		{2429DEA2-C96F-4866-BD0F-1731B19750A1}.Realease_mit_Trace|x86.ActiveCfg = Release|Any CPU
		{2429DEA2-C96F-4866-BD0F-1731B19750A1}.Release_ohne_Trace|Any CPU.ActiveCfg = Release|Any CPU
		{2429DEA2-C96F-4866-BD0F-1731B19750A1}.Release_ohne_Trace|Any CPU.Build.0 = Release|Any CPU
		{2429DEA2-C96F-4866-BD0F-1731B19750A1}.Release_ohne_Trace|Mixed Platforms.ActiveCfg = Release|Any CPU
		{2429DEA2-C96F-4866-BD0F-1731B19750A1}.Release_ohne_Trace|Mixed Platforms.Build.0 = Release|Any CPU
		{2429DEA2-C96F-4866-BD0F-1731B19750A1}.Release_ohne_Trace|x86.ActiveCfg = Release|Any CPU
		{2429DEA2-C96F-4866-BD0F-1731B19750A1}.Release|Any CPU.ActiveCfg = Release|Any CPU
		{2429DEA2-C96F-4866-BD0F-1731B19750A1}.Release|Any CPU.Build.0 = Release|Any CPU
		{2429DEA2-C96F-4866-BD0F-1731B19750A1}.Release|Mixed Platforms.ActiveCfg = Release|Any CPU
		{2429DEA2-C96F-4866-BD0F-1731B19750A1}.Release|Mixed Platforms.Build.0 = Release|Any CPU
		{2429DEA2-C96F-4866-BD0F-1731B19750A1}.Release|x86.ActiveCfg = Release|Any CPU
		{DEEAB063-1F2F-4AFB-979C-5628C0B2B36D}.Debug|Any CPU.ActiveCfg = Debug|Any CPU
		{DEEAB063-1F2F-4AFB-979C-5628C0B2B36D}.Debug|Any CPU.Build.0 = Debug|Any CPU
		{DEEAB063-1F2F-4AFB-979C-5628C0B2B36D}.Debug|Mixed Platforms.ActiveCfg = Debug|Any CPU
		{DEEAB063-1F2F-4AFB-979C-5628C0B2B36D}.Debug|Mixed Platforms.Build.0 = Debug|Any CPU
		{DEEAB063-1F2F-4AFB-979C-5628C0B2B36D}.Debug|x86.ActiveCfg = Debug|Any CPU
		{DEEAB063-1F2F-4AFB-979C-5628C0B2B36D}.Individual|Any CPU.ActiveCfg = Individual|Any CPU
		{DEEAB063-1F2F-4AFB-979C-5628C0B2B36D}.Individual|Any CPU.Build.0 = Individual|Any CPU
		{DEEAB063-1F2F-4AFB-979C-5628C0B2B36D}.Individual|Mixed Platforms.ActiveCfg = Individual|Any CPU
		{DEEAB063-1F2F-4AFB-979C-5628C0B2B36D}.Individual|Mixed Platforms.Build.0 = Individual|Any CPU
		{DEEAB063-1F2F-4AFB-979C-5628C0B2B36D}.Individual|x86.ActiveCfg = Individual|Any CPU
		{DEEAB063-1F2F-4AFB-979C-5628C0B2B36D}.Realease_mit_Trace|Any CPU.ActiveCfg = Release|Any CPU
		{DEEAB063-1F2F-4AFB-979C-5628C0B2B36D}.Realease_mit_Trace|Any CPU.Build.0 = Release|Any CPU
		{DEEAB063-1F2F-4AFB-979C-5628C0B2B36D}.Realease_mit_Trace|Mixed Platforms.ActiveCfg = Release|Any CPU
		{DEEAB063-1F2F-4AFB-979C-5628C0B2B36D}.Realease_mit_Trace|Mixed Platforms.Build.0 = Release|Any CPU
		{DEEAB063-1F2F-4AFB-979C-5628C0B2B36D}.Realease_mit_Trace|x86.ActiveCfg = Release|Any CPU
		{DEEAB063-1F2F-4AFB-979C-5628C0B2B36D}.Release_ohne_Trace|Any CPU.ActiveCfg = Release|Any CPU
		{DEEAB063-1F2F-4AFB-979C-5628C0B2B36D}.Release_ohne_Trace|Any CPU.Build.0 = Release|Any CPU
		{DEEAB063-1F2F-4AFB-979C-5628C0B2B36D}.Release_ohne_Trace|Mixed Platforms.ActiveCfg = Release|Any CPU
		{DEEAB063-1F2F-4AFB-979C-5628C0B2B36D}.Release_ohne_Trace|Mixed Platforms.Build.0 = Release|Any CPU
		{DEEAB063-1F2F-4AFB-979C-5628C0B2B36D}.Release_ohne_Trace|x86.ActiveCfg = Release|Any CPU
		{DEEAB063-1F2F-4AFB-979C-5628C0B2B36D}.Release|Any CPU.ActiveCfg = Release|Any CPU
		{DEEAB063-1F2F-4AFB-979C-5628C0B2B36D}.Release|Any CPU.Build.0 = Release|Any CPU
		{DEEAB063-1F2F-4AFB-979C-5628C0B2B36D}.Release|Mixed Platforms.ActiveCfg = Release|Any CPU
		{DEEAB063-1F2F-4AFB-979C-5628C0B2B36D}.Release|Mixed Platforms.Build.0 = Release|Any CPU
		{DEEAB063-1F2F-4AFB-979C-5628C0B2B36D}.Release|x86.ActiveCfg = Release|Any CPU
		{9FCB8CFD-265F-471B-9C20-90602AB5D17E}.Debug|Any CPU.ActiveCfg = Debug|Any CPU
		{9FCB8CFD-265F-471B-9C20-90602AB5D17E}.Debug|Any CPU.Build.0 = Debug|Any CPU
		{9FCB8CFD-265F-471B-9C20-90602AB5D17E}.Debug|Mixed Platforms.ActiveCfg = Debug|Any CPU
		{9FCB8CFD-265F-471B-9C20-90602AB5D17E}.Debug|Mixed Platforms.Build.0 = Debug|Any CPU
		{9FCB8CFD-265F-471B-9C20-90602AB5D17E}.Debug|x86.ActiveCfg = Debug|Any CPU
		{9FCB8CFD-265F-471B-9C20-90602AB5D17E}.Individual|Any CPU.ActiveCfg = Release|Any CPU
		{9FCB8CFD-265F-471B-9C20-90602AB5D17E}.Individual|Any CPU.Build.0 = Release|Any CPU
		{9FCB8CFD-265F-471B-9C20-90602AB5D17E}.Individual|Mixed Platforms.ActiveCfg = Release|Any CPU
		{9FCB8CFD-265F-471B-9C20-90602AB5D17E}.Individual|Mixed Platforms.Build.0 = Release|Any CPU
		{9FCB8CFD-265F-471B-9C20-90602AB5D17E}.Individual|x86.ActiveCfg = Release|Any CPU
		{9FCB8CFD-265F-471B-9C20-90602AB5D17E}.Realease_mit_Trace|Any CPU.ActiveCfg = Release|Any CPU
		{9FCB8CFD-265F-471B-9C20-90602AB5D17E}.Realease_mit_Trace|Any CPU.Build.0 = Release|Any CPU
		{9FCB8CFD-265F-471B-9C20-90602AB5D17E}.Realease_mit_Trace|Mixed Platforms.ActiveCfg = Release|Any CPU
		{9FCB8CFD-265F-471B-9C20-90602AB5D17E}.Realease_mit_Trace|Mixed Platforms.Build.0 = Release|Any CPU
		{9FCB8CFD-265F-471B-9C20-90602AB5D17E}.Realease_mit_Trace|x86.ActiveCfg = Release|Any CPU
		{9FCB8CFD-265F-471B-9C20-90602AB5D17E}.Release_ohne_Trace|Any CPU.ActiveCfg = Release|Any CPU
		{9FCB8CFD-265F-471B-9C20-90602AB5D17E}.Release_ohne_Trace|Any CPU.Build.0 = Release|Any CPU
		{9FCB8CFD-265F-471B-9C20-90602AB5D17E}.Release_ohne_Trace|Mixed Platforms.ActiveCfg = Release|Any CPU
		{9FCB8CFD-265F-471B-9C20-90602AB5D17E}.Release_ohne_Trace|Mixed Platforms.Build.0 = Release|Any CPU
		{9FCB8CFD-265F-471B-9C20-90602AB5D17E}.Release_ohne_Trace|x86.ActiveCfg = Release|Any CPU
		{9FCB8CFD-265F-471B-9C20-90602AB5D17E}.Release|Any CPU.ActiveCfg = Release|Any CPU
		{9FCB8CFD-265F-471B-9C20-90602AB5D17E}.Release|Any CPU.Build.0 = Release|Any CPU
		{9FCB8CFD-265F-471B-9C20-90602AB5D17E}.Release|Mixed Platforms.ActiveCfg = Release|Any CPU
		{9FCB8CFD-265F-471B-9C20-90602AB5D17E}.Release|Mixed Platforms.Build.0 = Release|Any CPU
		{9FCB8CFD-265F-471B-9C20-90602AB5D17E}.Release|x86.ActiveCfg = Release|Any CPU
		{63C52580-FFAA-48BD-88B4-69C3302F1B05}.Debug|Any CPU.ActiveCfg = Debug|Any CPU
		{63C52580-FFAA-48BD-88B4-69C3302F1B05}.Debug|Any CPU.Build.0 = Debug|Any CPU
		{63C52580-FFAA-48BD-88B4-69C3302F1B05}.Debug|Mixed Platforms.ActiveCfg = Debug|Any CPU
		{63C52580-FFAA-48BD-88B4-69C3302F1B05}.Debug|Mixed Platforms.Build.0 = Debug|Any CPU
		{63C52580-FFAA-48BD-88B4-69C3302F1B05}.Debug|x86.ActiveCfg = Debug|Any CPU
		{63C52580-FFAA-48BD-88B4-69C3302F1B05}.Individual|Any CPU.ActiveCfg = Release|Any CPU
		{63C52580-FFAA-48BD-88B4-69C3302F1B05}.Individual|Any CPU.Build.0 = Release|Any CPU
		{63C52580-FFAA-48BD-88B4-69C3302F1B05}.Individual|Mixed Platforms.ActiveCfg = Release|Any CPU
		{63C52580-FFAA-48BD-88B4-69C3302F1B05}.Individual|Mixed Platforms.Build.0 = Release|Any CPU
		{63C52580-FFAA-48BD-88B4-69C3302F1B05}.Individual|x86.ActiveCfg = Release|Any CPU
		{63C52580-FFAA-48BD-88B4-69C3302F1B05}.Realease_mit_Trace|Any CPU.ActiveCfg = Release|Any CPU
		{63C52580-FFAA-48BD-88B4-69C3302F1B05}.Realease_mit_Trace|Any CPU.Build.0 = Release|Any CPU
		{63C52580-FFAA-48BD-88B4-69C3302F1B05}.Realease_mit_Trace|Mixed Platforms.ActiveCfg = Release|Any CPU
		{63C52580-FFAA-48BD-88B4-69C3302F1B05}.Realease_mit_Trace|Mixed Platforms.Build.0 = Release|Any CPU
		{63C52580-FFAA-48BD-88B4-69C3302F1B05}.Realease_mit_Trace|x86.ActiveCfg = Release|Any CPU
		{63C52580-FFAA-48BD-88B4-69C3302F1B05}.Release_ohne_Trace|Any CPU.ActiveCfg = Release|Any CPU
		{63C52580-FFAA-48BD-88B4-69C3302F1B05}.Release_ohne_Trace|Any CPU.Build.0 = Release|Any CPU
		{63C52580-FFAA-48BD-88B4-69C3302F1B05}.Release_ohne_Trace|Mixed Platforms.ActiveCfg = Release|Any CPU
		{63C52580-FFAA-48BD-88B4-69C3302F1B05}.Release_ohne_Trace|Mixed Platforms.Build.0 = Release|Any CPU
		{63C52580-FFAA-48BD-88B4-69C3302F1B05}.Release_ohne_Trace|x86.ActiveCfg = Release|Any CPU
		{63C52580-FFAA-48BD-88B4-69C3302F1B05}.Release|Any CPU.ActiveCfg = Release|Any CPU
		{63C52580-FFAA-48BD-88B4-69C3302F1B05}.Release|Any CPU.Build.0 = Release|Any CPU
		{63C52580-FFAA-48BD-88B4-69C3302F1B05}.Release|Mixed Platforms.ActiveCfg = Release|Any CPU
		{63C52580-FFAA-48BD-88B4-69C3302F1B05}.Release|Mixed Platforms.Build.0 = Release|Any CPU
		{63C52580-FFAA-48BD-88B4-69C3302F1B05}.Release|x86.ActiveCfg = Release|Any CPU
		{7EFB7657-005F-42E3-9F13-833795B6EE24}.Debug|Any CPU.ActiveCfg = Debug|Any CPU
		{7EFB7657-005F-42E3-9F13-833795B6EE24}.Debug|Any CPU.Build.0 = Debug|Any CPU
		{7EFB7657-005F-42E3-9F13-833795B6EE24}.Debug|Mixed Platforms.ActiveCfg = Debug|Any CPU
		{7EFB7657-005F-42E3-9F13-833795B6EE24}.Debug|Mixed Platforms.Build.0 = Debug|Any CPU
		{7EFB7657-005F-42E3-9F13-833795B6EE24}.Debug|x86.ActiveCfg = Debug|Any CPU
		{7EFB7657-005F-42E3-9F13-833795B6EE24}.Individual|Any CPU.ActiveCfg = Release|Any CPU
		{7EFB7657-005F-42E3-9F13-833795B6EE24}.Individual|Any CPU.Build.0 = Release|Any CPU
		{7EFB7657-005F-42E3-9F13-833795B6EE24}.Individual|Mixed Platforms.ActiveCfg = Release|Any CPU
		{7EFB7657-005F-42E3-9F13-833795B6EE24}.Individual|Mixed Platforms.Build.0 = Release|Any CPU
		{7EFB7657-005F-42E3-9F13-833795B6EE24}.Individual|x86.ActiveCfg = Release|Any CPU
		{7EFB7657-005F-42E3-9F13-833795B6EE24}.Realease_mit_Trace|Any CPU.ActiveCfg = Release|Any CPU
		{7EFB7657-005F-42E3-9F13-833795B6EE24}.Realease_mit_Trace|Any CPU.Build.0 = Release|Any CPU
		{7EFB7657-005F-42E3-9F13-833795B6EE24}.Realease_mit_Trace|Mixed Platforms.ActiveCfg = Release|Any CPU
		{7EFB7657-005F-42E3-9F13-833795B6EE24}.Realease_mit_Trace|Mixed Platforms.Build.0 = Release|Any CPU
		{7EFB7657-005F-42E3-9F13-833795B6EE24}.Realease_mit_Trace|x86.ActiveCfg = Release|Any CPU
		{7EFB7657-005F-42E3-9F13-833795B6EE24}.Release_ohne_Trace|Any CPU.ActiveCfg = Release|Any CPU
		{7EFB7657-005F-42E3-9F13-833795B6EE24}.Release_ohne_Trace|Any CPU.Build.0 = Release|Any CPU
		{7EFB7657-005F-42E3-9F13-833795B6EE24}.Release_ohne_Trace|Mixed Platforms.ActiveCfg = Release|Any CPU
		{7EFB7657-005F-42E3-9F13-833795B6EE24}.Release_ohne_Trace|Mixed Platforms.Build.0 = Release|Any CPU
		{7EFB7657-005F-42E3-9F13-833795B6EE24}.Release_ohne_Trace|x86.ActiveCfg = Release|Any CPU
		{7EFB7657-005F-42E3-9F13-833795B6EE24}.Release|Any CPU.ActiveCfg = Release|Any CPU
		{7EFB7657-005F-42E3-9F13-833795B6EE24}.Release|Any CPU.Build.0 = Release|Any CPU
		{7EFB7657-005F-42E3-9F13-833795B6EE24}.Release|Mixed Platforms.ActiveCfg = Release|Any CPU
		{7EFB7657-005F-42E3-9F13-833795B6EE24}.Release|Mixed Platforms.Build.0 = Release|Any CPU
		{7EFB7657-005F-42E3-9F13-833795B6EE24}.Release|x86.ActiveCfg = Release|Any CPU
		{ADA4B3ED-D169-4C7E-A368-63EBCC2F0908}.Debug|Any CPU.ActiveCfg = Debug|Any CPU
		{ADA4B3ED-D169-4C7E-A368-63EBCC2F0908}.Debug|Any CPU.Build.0 = Debug|Any CPU
		{ADA4B3ED-D169-4C7E-A368-63EBCC2F0908}.Debug|Mixed Platforms.ActiveCfg = Debug|Any CPU
		{ADA4B3ED-D169-4C7E-A368-63EBCC2F0908}.Debug|Mixed Platforms.Build.0 = Debug|Any CPU
		{ADA4B3ED-D169-4C7E-A368-63EBCC2F0908}.Debug|x86.ActiveCfg = Debug|Any CPU
		{ADA4B3ED-D169-4C7E-A368-63EBCC2F0908}.Individual|Any CPU.ActiveCfg = Release|Any CPU
		{ADA4B3ED-D169-4C7E-A368-63EBCC2F0908}.Individual|Any CPU.Build.0 = Release|Any CPU
		{ADA4B3ED-D169-4C7E-A368-63EBCC2F0908}.Individual|Mixed Platforms.ActiveCfg = Release|Any CPU
		{ADA4B3ED-D169-4C7E-A368-63EBCC2F0908}.Individual|Mixed Platforms.Build.0 = Release|Any CPU
		{ADA4B3ED-D169-4C7E-A368-63EBCC2F0908}.Individual|x86.ActiveCfg = Release|Any CPU
		{ADA4B3ED-D169-4C7E-A368-63EBCC2F0908}.Realease_mit_Trace|Any CPU.ActiveCfg = Release|Any CPU
		{ADA4B3ED-D169-4C7E-A368-63EBCC2F0908}.Realease_mit_Trace|Any CPU.Build.0 = Release|Any CPU
		{ADA4B3ED-D169-4C7E-A368-63EBCC2F0908}.Realease_mit_Trace|Mixed Platforms.ActiveCfg = Release|Any CPU
		{ADA4B3ED-D169-4C7E-A368-63EBCC2F0908}.Realease_mit_Trace|Mixed Platforms.Build.0 = Release|Any CPU
		{ADA4B3ED-D169-4C7E-A368-63EBCC2F0908}.Realease_mit_Trace|x86.ActiveCfg = Release|Any CPU
		{ADA4B3ED-D169-4C7E-A368-63EBCC2F0908}.Release_ohne_Trace|Any CPU.ActiveCfg = Release|Any CPU
		{ADA4B3ED-D169-4C7E-A368-63EBCC2F0908}.Release_ohne_Trace|Any CPU.Build.0 = Release|Any CPU
		{ADA4B3ED-D169-4C7E-A368-63EBCC2F0908}.Release_ohne_Trace|Mixed Platforms.ActiveCfg = Release|Any CPU
		{ADA4B3ED-D169-4C7E-A368-63EBCC2F0908}.Release_ohne_Trace|Mixed Platforms.Build.0 = Release|Any CPU
		{ADA4B3ED-D169-4C7E-A368-63EBCC2F0908}.Release_ohne_Trace|x86.ActiveCfg = Release|Any CPU
		{ADA4B3ED-D169-4C7E-A368-63EBCC2F0908}.Release|Any CPU.ActiveCfg = Release|Any CPU
		{ADA4B3ED-D169-4C7E-A368-63EBCC2F0908}.Release|Any CPU.Build.0 = Release|Any CPU
		{ADA4B3ED-D169-4C7E-A368-63EBCC2F0908}.Release|Mixed Platforms.ActiveCfg = Release|Any CPU
		{ADA4B3ED-D169-4C7E-A368-63EBCC2F0908}.Release|Mixed Platforms.Build.0 = Release|Any CPU
		{ADA4B3ED-D169-4C7E-A368-63EBCC2F0908}.Release|x86.ActiveCfg = Release|Any CPU
	EndGlobalSection
	GlobalSection(SolutionProperties) = preSolution
		HideSolutionNode = FALSE
	EndGlobalSection
EndGlobal
